
Microsoft Visual Studio Solution File, Format Version 12.00
# Visual Studio Version 17
VisualStudioVersion = 17.5.33424.131
MinimumVisualStudioVersion = 10.0.40219.1
Project("{FAE04EC0-301F-11D3-BF4B-00C04F79EFBC}") = "WebBike", "WebBike.csproj", "{FEEE0682-EFF2-4E32-8B6C-7A170114F14B}"
EndProject
Global
	GlobalSection(SolutionConfigurationPlatforms) = preSolution
		Debug|Any CPU = Debug|Any CPU
		Release|Any CPU = Release|Any CPU
	EndGlobalSection
	GlobalSection(ProjectConfigurationPlatforms) = postSolution
		{FEEE0682-EFF2-4E32-8B6C-7A170114F14B}.Debug|Any CPU.ActiveCfg = Debug|Any CPU
		{FEEE0682-EFF2-4E32-8B6C-7A170114F14B}.Debug|Any CPU.Build.0 = Debug|Any CPU
		{FEEE0682-EFF2-4E32-8B6C-7A170114F14B}.Release|Any CPU.ActiveCfg = Release|Any CPU
		{FEEE0682-EFF2-4E32-8B6C-7A170114F14B}.Release|Any CPU.Build.0 = Release|Any CPU
	EndGlobalSection
	GlobalSection(SolutionProperties) = preSolution
		HideSolutionNode = FALSE
	EndGlobalSection
	GlobalSection(ExtensibilityGlobals) = postSolution
		SolutionGuid = {11FAAFB4-4B13-4C98-9EA1-3AD0EEF85CAC}
	EndGlobalSection
EndGlobal
